// !$*UTF8*$!
{
	archiveVersion = 1;
	classes = {
	};
	objectVersion = 46;
	objects = {

/* Begin PBXBuildFile section */
		2D3D06DAF25404BF9EF96699 /* Pods_chatspot.framework in Frameworks */ = {isa = PBXBuildFile; fileRef = 3E13157FD38ACE240FB695E5 /* Pods_chatspot.framework */; };
		2D93B1051F9D2B6800D6B80C /* UserCell.swift in Sources */ = {isa = PBXBuildFile; fileRef = 2D93B1031F9D2B6800D6B80C /* UserCell.swift */; };
		2D93B1061F9D2B6800D6B80C /* UserCell.xib in Resources */ = {isa = PBXBuildFile; fileRef = 2D93B1041F9D2B6800D6B80C /* UserCell.xib */; };
		2DCF58E11F9CB8050014BBD0 /* ChatRoomDetailVC.swift in Sources */ = {isa = PBXBuildFile; fileRef = 2DCF58E01F9CB8050014BBD0 /* ChatRoomDetailVC.swift */; };
		325F47991F91F71E00DE5C34 /* AuthViewController.swift in Sources */ = {isa = PBXBuildFile; fileRef = 325F47981F91F71E00DE5C34 /* AuthViewController.swift */; };
		32963D631F8B1BAD00E05CF3 /* AppDelegate.swift in Sources */ = {isa = PBXBuildFile; fileRef = 32963D621F8B1BAD00E05CF3 /* AppDelegate.swift */; };
		32963D681F8B1BAD00E05CF3 /* Main.storyboard in Resources */ = {isa = PBXBuildFile; fileRef = 32963D661F8B1BAD00E05CF3 /* Main.storyboard */; };
		32963D6A1F8B1BAD00E05CF3 /* Assets.xcassets in Resources */ = {isa = PBXBuildFile; fileRef = 32963D691F8B1BAD00E05CF3 /* Assets.xcassets */; };
		32963D751F8B1E1C00E05CF3 /* GoogleService-Info.plist in Resources */ = {isa = PBXBuildFile; fileRef = 32963D741F8B1E1C00E05CF3 /* GoogleService-Info.plist */; };
		3298CF5E1F92A6DB00F9BBEE /* ChatSpotClient.swift in Sources */ = {isa = PBXBuildFile; fileRef = 3298CF5D1F92A6DB00F9BBEE /* ChatSpotClient.swift */; };
		3298CF621F92F8DF00F9BBEE /* User1.swift in Sources */ = {isa = PBXBuildFile; fileRef = 3298CF611F92F8DF00F9BBEE /* User1.swift */; };
		3298CF641F92F8E900F9BBEE /* ChatRoom1.swift in Sources */ = {isa = PBXBuildFile; fileRef = 3298CF631F92F8E900F9BBEE /* ChatRoom1.swift */; };
		3298CF661F92F91000F9BBEE /* Message1.swift in Sources */ = {isa = PBXBuildFile; fileRef = 3298CF651F92F91000F9BBEE /* Message1.swift */; };
		7626201E1F9338A7008404F6 /* AroundMeView.xib in Resources */ = {isa = PBXBuildFile; fileRef = 7626201D1F9338A7008404F6 /* AroundMeView.xib */; };
		762620201F9338BB008404F6 /* AroundMeView.swift in Sources */ = {isa = PBXBuildFile; fileRef = 7626201F1F9338BB008404F6 /* AroundMeView.swift */; };
		762620241F93D33D008404F6 /* ChatRoomAnnotationView.swift in Sources */ = {isa = PBXBuildFile; fileRef = 762620231F93D33D008404F6 /* ChatRoomAnnotationView.swift */; };
		762620261F93D51D008404F6 /* ChatRoomAnnotation.swift in Sources */ = {isa = PBXBuildFile; fileRef = 762620251F93D51D008404F6 /* ChatRoomAnnotation.swift */; };
		7679EA7B1F8DF27A00DE16FA /* User.swift in Sources */ = {isa = PBXBuildFile; fileRef = 7679EA7A1F8DF27A00DE16FA /* User.swift */; };
		7679EA7F1F8DFE8000DE16FA /* ChatRoom.swift in Sources */ = {isa = PBXBuildFile; fileRef = 7679EA7E1F8DFE8000DE16FA /* ChatRoom.swift */; };
		7679EA821F8E054600DE16FA /* UserView.xib in Resources */ = {isa = PBXBuildFile; fileRef = 7679EA811F8E054600DE16FA /* UserView.xib */; };
		7679EA841F8E071A00DE16FA /* UserView.swift in Sources */ = {isa = PBXBuildFile; fileRef = 7679EA831F8E071A00DE16FA /* UserView.swift */; };
		76967D4A1FA5BC730052B37C /* UIViewController.swift in Sources */ = {isa = PBXBuildFile; fileRef = 76967D491FA5BC730052B37C /* UIViewController.swift */; };
		76D949421FA59C59005A6E8A /* PHAsset.swift in Sources */ = {isa = PBXBuildFile; fileRef = 76D949411FA59C59005A6E8A /* PHAsset.swift */; };
		76E2296C1F9B245B007049B0 /* StorageClient.swift in Sources */ = {isa = PBXBuildFile; fileRef = 76E2296B1F9B245B007049B0 /* StorageClient.swift */; };
		76E3580A1F91A50900EC6B0C /* UIImageWithEditView.xib in Resources */ = {isa = PBXBuildFile; fileRef = 76E358091F91A50900EC6B0C /* UIImageWithEditView.xib */; };
		76E3580E1F91A56B00EC6B0C /* UIImageWithEditView.swift in Sources */ = {isa = PBXBuildFile; fileRef = 76E3580D1F91A56B00EC6B0C /* UIImageWithEditView.swift */; };
		8B0811251FA03A18002337F1 /* Activity.swift in Sources */ = {isa = PBXBuildFile; fileRef = 8B0811241FA03A18002337F1 /* Activity.swift */; };
		8B0ACFB51FA1A21300722B1D /* ActivityView.xib in Resources */ = {isa = PBXBuildFile; fileRef = 8B0ACFB41FA1A21300722B1D /* ActivityView.xib */; };
		8B0ACFB71FA1A21D00722B1D /* ActivityView.swift in Sources */ = {isa = PBXBuildFile; fileRef = 8B0ACFB61FA1A21D00722B1D /* ActivityView.swift */; };
		8B0ACFBA1FA1CCDC00722B1D /* ActivityDetailVC.swift in Sources */ = {isa = PBXBuildFile; fileRef = 8B0ACFB81FA1CCDC00722B1D /* ActivityDetailVC.swift */; };
		8B275A191F908D36004BBA00 /* Storage+Implementation.swift in Sources */ = {isa = PBXBuildFile; fileRef = 8B275A181F908D36004BBA00 /* Storage+Implementation.swift */; };
		8B92720C1F9082590041FC35 /* Storage.swift in Sources */ = {isa = PBXBuildFile; fileRef = 8B92720B1F9082590041FC35 /* Storage.swift */; };
		8BCDD9B11FA44368004DD84D /* String+Util.swift in Sources */ = {isa = PBXBuildFile; fileRef = 8BCDD9B01FA44368004DD84D /* String+Util.swift */; };
		8BCDD9B41FA85FFE004DD84D /* MapCell.swift in Sources */ = {isa = PBXBuildFile; fileRef = 8BCDD9B21FA85FFE004DD84D /* MapCell.swift */; };
		8BCDD9B51FA85FFE004DD84D /* MapCell.xib in Resources */ = {isa = PBXBuildFile; fileRef = 8BCDD9B31FA85FFE004DD84D /* MapCell.xib */; };
		8BCDD9B81FA87274004DD84D /* ActivityCell.swift in Sources */ = {isa = PBXBuildFile; fileRef = 8BCDD9B61FA87274004DD84D /* ActivityCell.swift */; };
		8BCDD9B91FA87274004DD84D /* ActivityCell.xib in Resources */ = {isa = PBXBuildFile; fileRef = 8BCDD9B71FA87274004DD84D /* ActivityCell.xib */; };
		8BCDD9BB1FA876E2004DD84D /* Date+Ago.swift in Sources */ = {isa = PBXBuildFile; fileRef = 8BCDD9BA1FA876E2004DD84D /* Date+Ago.swift */; };
		8BD2DB711F92FBC20073ABBC /* LocationManager.swift in Sources */ = {isa = PBXBuildFile; fileRef = 8BD2DB701F92FBC20073ABBC /* LocationManager.swift */; };
		F21E501F1FA928FC00F4625F /* ChatroomCardView.swift in Sources */ = {isa = PBXBuildFile; fileRef = F21E501E1FA928FC00F4625F /* ChatroomCardView.swift */; };
		F21E50211FA9295000F4625F /* ChatroomCardView.xib in Resources */ = {isa = PBXBuildFile; fileRef = F21E50201FA9295000F4625F /* ChatroomCardView.xib */; };
		F21E50231FA93DF500F4625F /* BottomDrawerVC.swift in Sources */ = {isa = PBXBuildFile; fileRef = F21E50221FA93DF500F4625F /* BottomDrawerVC.swift */; };
		F23BDC011FB39339002086B4 /* ProfileView.xib in Resources */ = {isa = PBXBuildFile; fileRef = F23BDC001FB39339002086B4 /* ProfileView.xib */; };
		F23BDC031FB39355002086B4 /* ProfileView.swift in Sources */ = {isa = PBXBuildFile; fileRef = F23BDC021FB39355002086B4 /* ProfileView.swift */; };
		F23BDC051FB39FDF002086B4 /* Badge.swift in Sources */ = {isa = PBXBuildFile; fileRef = F23BDC041FB39FDF002086B4 /* Badge.swift */; };
		F23BDC071FB3A49B002086B4 /* BadgeCell.xib in Resources */ = {isa = PBXBuildFile; fileRef = F23BDC061FB3A49B002086B4 /* BadgeCell.xib */; };
		F23BDC091FB3A796002086B4 /* BadgeCell.swift in Sources */ = {isa = PBXBuildFile; fileRef = F23BDC081FB3A796002086B4 /* BadgeCell.swift */; };
		F254FCA21FA3E52500CBD616 /* SF-Pro-Display-Black.otf in Resources */ = {isa = PBXBuildFile; fileRef = F254FC841FA3E50B00CBD616 /* SF-Pro-Display-Black.otf */; };
		F254FCA31FA3E52500CBD616 /* SF-Pro-Display-BlackItalic.otf in Resources */ = {isa = PBXBuildFile; fileRef = F254FC851FA3E50B00CBD616 /* SF-Pro-Display-BlackItalic.otf */; };
		F254FCA41FA3E52500CBD616 /* SF-Pro-Display-Bold.otf in Resources */ = {isa = PBXBuildFile; fileRef = F254FC861FA3E50B00CBD616 /* SF-Pro-Display-Bold.otf */; };
		F254FCA51FA3E52500CBD616 /* SF-Pro-Display-BoldItalic.otf in Resources */ = {isa = PBXBuildFile; fileRef = F254FC871FA3E50B00CBD616 /* SF-Pro-Display-BoldItalic.otf */; };
		F254FCA61FA3E52500CBD616 /* SF-Pro-Display-Heavy.otf in Resources */ = {isa = PBXBuildFile; fileRef = F254FC881FA3E50B00CBD616 /* SF-Pro-Display-Heavy.otf */; };
		F254FCA71FA3E52500CBD616 /* SF-Pro-Display-HeavyItalic.otf in Resources */ = {isa = PBXBuildFile; fileRef = F254FC891FA3E50B00CBD616 /* SF-Pro-Display-HeavyItalic.otf */; };
		F254FCA81FA3E52500CBD616 /* SF-Pro-Display-Light.otf in Resources */ = {isa = PBXBuildFile; fileRef = F254FC8A1FA3E50B00CBD616 /* SF-Pro-Display-Light.otf */; };
		F254FCA91FA3E52500CBD616 /* SF-Pro-Display-LightItalic.otf in Resources */ = {isa = PBXBuildFile; fileRef = F254FC8B1FA3E50B00CBD616 /* SF-Pro-Display-LightItalic.otf */; };
		F254FCAA1FA3E52500CBD616 /* SF-Pro-Display-Medium.otf in Resources */ = {isa = PBXBuildFile; fileRef = F254FC8C1FA3E50B00CBD616 /* SF-Pro-Display-Medium.otf */; };
		F254FCAB1FA3E52500CBD616 /* SF-Pro-Display-MediumItalic.otf in Resources */ = {isa = PBXBuildFile; fileRef = F254FC8D1FA3E50B00CBD616 /* SF-Pro-Display-MediumItalic.otf */; };
		F254FCAC1FA3E52500CBD616 /* SF-Pro-Display-Regular.otf in Resources */ = {isa = PBXBuildFile; fileRef = F254FC8E1FA3E50B00CBD616 /* SF-Pro-Display-Regular.otf */; };
		F254FCAD1FA3E52500CBD616 /* SF-Pro-Display-RegularItalic.otf in Resources */ = {isa = PBXBuildFile; fileRef = F254FC8F1FA3E50B00CBD616 /* SF-Pro-Display-RegularItalic.otf */; };
		F254FCAE1FA3E52500CBD616 /* SF-Pro-Display-Semibold.otf in Resources */ = {isa = PBXBuildFile; fileRef = F254FC901FA3E50B00CBD616 /* SF-Pro-Display-Semibold.otf */; };
		F254FCAF1FA3E52500CBD616 /* SF-Pro-Display-SemiboldItalic.otf in Resources */ = {isa = PBXBuildFile; fileRef = F254FC911FA3E50B00CBD616 /* SF-Pro-Display-SemiboldItalic.otf */; };
		F254FCB01FA3E52500CBD616 /* SF-Pro-Display-Thin.otf in Resources */ = {isa = PBXBuildFile; fileRef = F254FC921FA3E50B00CBD616 /* SF-Pro-Display-Thin.otf */; };
		F254FCB11FA3E52500CBD616 /* SF-Pro-Display-ThinItalic.otf in Resources */ = {isa = PBXBuildFile; fileRef = F254FC931FA3E50B00CBD616 /* SF-Pro-Display-ThinItalic.otf */; };
		F254FCB21FA3E52500CBD616 /* SF-Pro-Display-Ultralight.otf in Resources */ = {isa = PBXBuildFile; fileRef = F254FC941FA3E50B00CBD616 /* SF-Pro-Display-Ultralight.otf */; };
		F254FCB31FA3E52500CBD616 /* SF-Pro-Display-UltralightItalic.otf in Resources */ = {isa = PBXBuildFile; fileRef = F254FC951FA3E50B00CBD616 /* SF-Pro-Display-UltralightItalic.otf */; };
		F254FCB41FA3E52500CBD616 /* SF-Pro-Text-Bold.otf in Resources */ = {isa = PBXBuildFile; fileRef = F254FC961FA3E50B00CBD616 /* SF-Pro-Text-Bold.otf */; };
		F254FCB51FA3E52500CBD616 /* SF-Pro-Text-BoldItalic.otf in Resources */ = {isa = PBXBuildFile; fileRef = F254FC971FA3E50B00CBD616 /* SF-Pro-Text-BoldItalic.otf */; };
		F254FCB61FA3E52500CBD616 /* SF-Pro-Text-Heavy.otf in Resources */ = {isa = PBXBuildFile; fileRef = F254FC981FA3E50B00CBD616 /* SF-Pro-Text-Heavy.otf */; };
		F254FCB71FA3E52500CBD616 /* SF-Pro-Text-HeavyItalic.otf in Resources */ = {isa = PBXBuildFile; fileRef = F254FC991FA3E50B00CBD616 /* SF-Pro-Text-HeavyItalic.otf */; };
		F254FCB81FA3E52500CBD616 /* SF-Pro-Text-Light.otf in Resources */ = {isa = PBXBuildFile; fileRef = F254FC9A1FA3E50B00CBD616 /* SF-Pro-Text-Light.otf */; };
		F254FCB91FA3E52500CBD616 /* SF-Pro-Text-LightItalic.otf in Resources */ = {isa = PBXBuildFile; fileRef = F254FC9B1FA3E50B00CBD616 /* SF-Pro-Text-LightItalic.otf */; };
		F254FCBA1FA3E52500CBD616 /* SF-Pro-Text-Medium.otf in Resources */ = {isa = PBXBuildFile; fileRef = F254FC9C1FA3E50B00CBD616 /* SF-Pro-Text-Medium.otf */; };
		F254FCBB1FA3E52500CBD616 /* SF-Pro-Text-MediumItalic.otf in Resources */ = {isa = PBXBuildFile; fileRef = F254FC9D1FA3E50B00CBD616 /* SF-Pro-Text-MediumItalic.otf */; };
		F254FCBC1FA3E52500CBD616 /* SF-Pro-Text-Regular.otf in Resources */ = {isa = PBXBuildFile; fileRef = F254FC9E1FA3E50B00CBD616 /* SF-Pro-Text-Regular.otf */; };
		F254FCBD1FA3E52500CBD616 /* SF-Pro-Text-RegularItalic.otf in Resources */ = {isa = PBXBuildFile; fileRef = F254FC9F1FA3E50B00CBD616 /* SF-Pro-Text-RegularItalic.otf */; };
		F254FCBE1FA3E52500CBD616 /* SF-Pro-Text-Semibold.otf in Resources */ = {isa = PBXBuildFile; fileRef = F254FCA01FA3E50B00CBD616 /* SF-Pro-Text-Semibold.otf */; };
		F254FCBF1FA3E52500CBD616 /* SF-Pro-Text-SemiboldItalic.otf in Resources */ = {isa = PBXBuildFile; fileRef = F254FCA11FA3E50B00CBD616 /* SF-Pro-Text-SemiboldItalic.otf */; };
		F2719EFF1F8DF50300417517 /* ChatListVC.swift in Sources */ = {isa = PBXBuildFile; fileRef = F2719EFE1F8DF50300417517 /* ChatListVC.swift */; };
		F2719F011F8DF51600417517 /* ChatRoomVC.swift in Sources */ = {isa = PBXBuildFile; fileRef = F2719F001F8DF51600417517 /* ChatRoomVC.swift */; };
		F2719F031F8DF55200417517 /* AroundMeVC.swift in Sources */ = {isa = PBXBuildFile; fileRef = F2719F021F8DF55200417517 /* AroundMeVC.swift */; };
		F2719F051F8DF56300417517 /* ProfileVC.swift in Sources */ = {isa = PBXBuildFile; fileRef = F2719F041F8DF56300417517 /* ProfileVC.swift */; };
		F2719F091F8DF6F500417517 /* ChatListCell.swift in Sources */ = {isa = PBXBuildFile; fileRef = F2719F081F8DF6F500417517 /* ChatListCell.swift */; };
		F2719F0B1F8DF71600417517 /* ChatMessageCell.swift in Sources */ = {isa = PBXBuildFile; fileRef = F2719F0A1F8DF71600417517 /* ChatMessageCell.swift */; };
		F2719F0E1F8DFCD900417517 /* Message.swift in Sources */ = {isa = PBXBuildFile; fileRef = F2719F0D1F8DFCD900417517 /* Message.swift */; };
		F28898901F9EA091000C64DF /* Localizable.stringsdict in Resources */ = {isa = PBXBuildFile; fileRef = F288988F1F9EA091000C64DF /* Localizable.stringsdict */; };
		F28898921F9F0C87000C64DF /* Photos.framework in Frameworks */ = {isa = PBXBuildFile; fileRef = F28898911F9F0C87000C64DF /* Photos.framework */; };
		F2A666511FA080A700EE8A4A /* ParallaxView.swift in Sources */ = {isa = PBXBuildFile; fileRef = F2A666501FA080A700EE8A4A /* ParallaxView.swift */; };
		F2A666531FA11EB700EE8A4A /* SpecialAroundMeCell.swift in Sources */ = {isa = PBXBuildFile; fileRef = F2A666521FA11EB700EE8A4A /* SpecialAroundMeCell.swift */; };
		F2C6A2521FAD156700A4A132 /* ChatRoomAnnotationDetailView.xib in Resources */ = {isa = PBXBuildFile; fileRef = F2C6A2501FAD156700A4A132 /* ChatRoomAnnotationDetailView.xib */; };
		F2C6A2531FAD156700A4A132 /* ChatRoomAnnotationDetailView.swift in Sources */ = {isa = PBXBuildFile; fileRef = F2C6A2511FAD156700A4A132 /* ChatRoomAnnotationDetailView.swift */; };
		F2FF7C631FBCFEBC00896E10 /* EditProfileVC.swift in Sources */ = {isa = PBXBuildFile; fileRef = F2FF7C621FBCFEBC00896E10 /* EditProfileVC.swift */; };
/* End PBXBuildFile section */

/* Begin PBXCopyFilesBuildPhase section */
		F2A915D91FA1B9C700C08129 /* CopyFiles */ = {
			isa = PBXCopyFilesBuildPhase;
			buildActionMask = 2147483647;
			dstPath = "";
			dstSubfolderSpec = 10;
			files = (
			);
			runOnlyForDeploymentPostprocessing = 0;
		};
/* End PBXCopyFilesBuildPhase section */

/* Begin PBXFileReference section */
		28AB81330CFBAF813EF019BE /* Pods-chatspot.release.xcconfig */ = {isa = PBXFileReference; includeInIndex = 1; lastKnownFileType = text.xcconfig; name = "Pods-chatspot.release.xcconfig"; path = "Pods/Target Support Files/Pods-chatspot/Pods-chatspot.release.xcconfig"; sourceTree = "<group>"; };
		2D93B1031F9D2B6800D6B80C /* UserCell.swift */ = {isa = PBXFileReference; fileEncoding = 4; lastKnownFileType = sourcecode.swift; path = UserCell.swift; sourceTree = "<group>"; };
		2D93B1041F9D2B6800D6B80C /* UserCell.xib */ = {isa = PBXFileReference; fileEncoding = 4; lastKnownFileType = file.xib; path = UserCell.xib; sourceTree = "<group>"; };
		2DCF58E01F9CB8050014BBD0 /* ChatRoomDetailVC.swift */ = {isa = PBXFileReference; fileEncoding = 4; lastKnownFileType = sourcecode.swift; path = ChatRoomDetailVC.swift; sourceTree = "<group>"; };
		325F47981F91F71E00DE5C34 /* AuthViewController.swift */ = {isa = PBXFileReference; fileEncoding = 4; lastKnownFileType = sourcecode.swift; path = AuthViewController.swift; sourceTree = "<group>"; };
		32963D5F1F8B1BAD00E05CF3 /* chatspot.app */ = {isa = PBXFileReference; explicitFileType = wrapper.application; includeInIndex = 0; path = chatspot.app; sourceTree = BUILT_PRODUCTS_DIR; };
		32963D621F8B1BAD00E05CF3 /* AppDelegate.swift */ = {isa = PBXFileReference; lastKnownFileType = sourcecode.swift; path = AppDelegate.swift; sourceTree = "<group>"; };
		32963D671F8B1BAD00E05CF3 /* Base */ = {isa = PBXFileReference; lastKnownFileType = file.storyboard; name = Base; path = Base.lproj/Main.storyboard; sourceTree = "<group>"; };
		32963D691F8B1BAD00E05CF3 /* Assets.xcassets */ = {isa = PBXFileReference; lastKnownFileType = folder.assetcatalog; path = Assets.xcassets; sourceTree = "<group>"; };
		32963D6E1F8B1BAD00E05CF3 /* Info.plist */ = {isa = PBXFileReference; lastKnownFileType = text.plist.xml; path = Info.plist; sourceTree = "<group>"; };
		32963D741F8B1E1C00E05CF3 /* GoogleService-Info.plist */ = {isa = PBXFileReference; fileEncoding = 4; lastKnownFileType = text.plist.xml; name = "GoogleService-Info.plist"; path = "chatspot/GoogleService-Info.plist"; sourceTree = SOURCE_ROOT; };
		3298CF5D1F92A6DB00F9BBEE /* ChatSpotClient.swift */ = {isa = PBXFileReference; fileEncoding = 4; lastKnownFileType = sourcecode.swift; path = ChatSpotClient.swift; sourceTree = "<group>"; };
		3298CF611F92F8DF00F9BBEE /* User1.swift */ = {isa = PBXFileReference; fileEncoding = 4; lastKnownFileType = sourcecode.swift; path = User1.swift; sourceTree = "<group>"; };
		3298CF631F92F8E900F9BBEE /* ChatRoom1.swift */ = {isa = PBXFileReference; fileEncoding = 4; lastKnownFileType = sourcecode.swift; path = ChatRoom1.swift; sourceTree = "<group>"; };
		3298CF651F92F91000F9BBEE /* Message1.swift */ = {isa = PBXFileReference; fileEncoding = 4; lastKnownFileType = sourcecode.swift; path = Message1.swift; sourceTree = "<group>"; };
		3E13157FD38ACE240FB695E5 /* Pods_chatspot.framework */ = {isa = PBXFileReference; explicitFileType = wrapper.framework; includeInIndex = 0; path = Pods_chatspot.framework; sourceTree = BUILT_PRODUCTS_DIR; };
		7626201D1F9338A7008404F6 /* AroundMeView.xib */ = {isa = PBXFileReference; fileEncoding = 4; lastKnownFileType = file.xib; path = AroundMeView.xib; sourceTree = "<group>"; };
		7626201F1F9338BB008404F6 /* AroundMeView.swift */ = {isa = PBXFileReference; fileEncoding = 4; lastKnownFileType = sourcecode.swift; path = AroundMeView.swift; sourceTree = "<group>"; };
		762620231F93D33D008404F6 /* ChatRoomAnnotationView.swift */ = {isa = PBXFileReference; fileEncoding = 4; lastKnownFileType = sourcecode.swift; path = ChatRoomAnnotationView.swift; sourceTree = "<group>"; };
		762620251F93D51D008404F6 /* ChatRoomAnnotation.swift */ = {isa = PBXFileReference; fileEncoding = 4; lastKnownFileType = sourcecode.swift; path = ChatRoomAnnotation.swift; sourceTree = "<group>"; };
		7679EA7A1F8DF27A00DE16FA /* User.swift */ = {isa = PBXFileReference; fileEncoding = 4; lastKnownFileType = sourcecode.swift; path = User.swift; sourceTree = "<group>"; };
		7679EA7E1F8DFE8000DE16FA /* ChatRoom.swift */ = {isa = PBXFileReference; fileEncoding = 4; lastKnownFileType = sourcecode.swift; path = ChatRoom.swift; sourceTree = "<group>"; };
		7679EA811F8E054600DE16FA /* UserView.xib */ = {isa = PBXFileReference; fileEncoding = 4; lastKnownFileType = file.xib; path = UserView.xib; sourceTree = "<group>"; };
		7679EA831F8E071A00DE16FA /* UserView.swift */ = {isa = PBXFileReference; fileEncoding = 4; lastKnownFileType = sourcecode.swift; path = UserView.swift; sourceTree = "<group>"; };
		76967D491FA5BC730052B37C /* UIViewController.swift */ = {isa = PBXFileReference; fileEncoding = 4; lastKnownFileType = sourcecode.swift; path = UIViewController.swift; sourceTree = "<group>"; };
		76967D4B1FA84AB90052B37C /* Halfmoon Bay.gpx */ = {isa = PBXFileReference; lastKnownFileType = text.xml; name = "Halfmoon Bay.gpx"; path = "locations/Halfmoon Bay.gpx"; sourceTree = "<group>"; };
		76967D4D1FA9ACCE0052B37C /* Seattle.gpx */ = {isa = PBXFileReference; lastKnownFileType = text.xml; name = Seattle.gpx; path = locations/Seattle.gpx; sourceTree = "<group>"; };
		76CDDEAA1FA317F20028DC19 /* Mountain View.gpx */ = {isa = PBXFileReference; lastKnownFileType = text.xml; name = "Mountain View.gpx"; path = "locations/Mountain View.gpx"; sourceTree = "<group>"; };
		76CDDEAB1FA318A70028DC19 /* Rengstorff Park.gpx */ = {isa = PBXFileReference; lastKnownFileType = text.xml; name = "Rengstorff Park.gpx"; path = "locations/Rengstorff Park.gpx"; sourceTree = "<group>"; };
		76CDDEAC1FA31A040028DC19 /* Dodger Stadium.gpx */ = {isa = PBXFileReference; lastKnownFileType = text.xml; name = "Dodger Stadium.gpx"; path = "locations/Dodger Stadium.gpx"; sourceTree = "<group>"; };
		76D949411FA59C59005A6E8A /* PHAsset.swift */ = {isa = PBXFileReference; fileEncoding = 4; lastKnownFileType = sourcecode.swift; path = PHAsset.swift; sourceTree = "<group>"; };
		76E2296B1F9B245B007049B0 /* StorageClient.swift */ = {isa = PBXFileReference; fileEncoding = 4; lastKnownFileType = sourcecode.swift; path = StorageClient.swift; sourceTree = "<group>"; };
		76E229701F9BFE8E007049B0 /* Golden Gate.gpx */ = {isa = PBXFileReference; lastKnownFileType = text.xml; name = "Golden Gate.gpx"; path = "locations/Golden Gate.gpx"; sourceTree = "<group>"; };
		76E229711F9C005C007049B0 /* Oracle Arena.gpx */ = {isa = PBXFileReference; lastKnownFileType = text.xml; name = "Oracle Arena.gpx"; path = "locations/Oracle Arena.gpx"; sourceTree = "<group>"; };
		76E229721F9C0D47007049B0 /* SAP Center.gpx */ = {isa = PBXFileReference; lastKnownFileType = text.xml; name = "SAP Center.gpx"; path = "locations/SAP Center.gpx"; sourceTree = "<group>"; };
		76E229751F9D7D68007049B0 /* Facebook HQ.gpx */ = {isa = PBXFileReference; lastKnownFileType = text.xml; name = "Facebook HQ.gpx"; path = "locations/Facebook HQ.gpx"; sourceTree = "<group>"; };
		76E229761F9D7E2D007049B0 /* SFO.gpx */ = {isa = PBXFileReference; lastKnownFileType = text.xml; name = SFO.gpx; path = locations/SFO.gpx; sourceTree = "<group>"; };
		76E358091F91A50900EC6B0C /* UIImageWithEditView.xib */ = {isa = PBXFileReference; fileEncoding = 4; lastKnownFileType = file.xib; path = UIImageWithEditView.xib; sourceTree = "<group>"; };
		76E3580D1F91A56B00EC6B0C /* UIImageWithEditView.swift */ = {isa = PBXFileReference; fileEncoding = 4; lastKnownFileType = sourcecode.swift; path = UIImageWithEditView.swift; sourceTree = "<group>"; };
		8B0811241FA03A18002337F1 /* Activity.swift */ = {isa = PBXFileReference; fileEncoding = 4; lastKnownFileType = sourcecode.swift; path = Activity.swift; sourceTree = "<group>"; };
		8B0ACFB41FA1A21300722B1D /* ActivityView.xib */ = {isa = PBXFileReference; fileEncoding = 4; lastKnownFileType = file.xib; path = ActivityView.xib; sourceTree = "<group>"; };
		8B0ACFB61FA1A21D00722B1D /* ActivityView.swift */ = {isa = PBXFileReference; fileEncoding = 4; lastKnownFileType = sourcecode.swift; path = ActivityView.swift; sourceTree = "<group>"; };
		8B0ACFB81FA1CCDC00722B1D /* ActivityDetailVC.swift */ = {isa = PBXFileReference; fileEncoding = 4; lastKnownFileType = sourcecode.swift; path = ActivityDetailVC.swift; sourceTree = "<group>"; };
		8B275A181F908D36004BBA00 /* Storage+Implementation.swift */ = {isa = PBXFileReference; fileEncoding = 4; lastKnownFileType = sourcecode.swift; path = "Storage+Implementation.swift"; sourceTree = "<group>"; };
		8B92720B1F9082590041FC35 /* Storage.swift */ = {isa = PBXFileReference; fileEncoding = 4; lastKnownFileType = sourcecode.swift; path = Storage.swift; sourceTree = "<group>"; };
		8BCDD9B01FA44368004DD84D /* String+Util.swift */ = {isa = PBXFileReference; fileEncoding = 4; lastKnownFileType = sourcecode.swift; path = "String+Util.swift"; sourceTree = "<group>"; };
		8BCDD9B21FA85FFE004DD84D /* MapCell.swift */ = {isa = PBXFileReference; fileEncoding = 4; lastKnownFileType = sourcecode.swift; path = MapCell.swift; sourceTree = "<group>"; };
		8BCDD9B31FA85FFE004DD84D /* MapCell.xib */ = {isa = PBXFileReference; fileEncoding = 4; lastKnownFileType = file.xib; path = MapCell.xib; sourceTree = "<group>"; };
		8BCDD9B61FA87274004DD84D /* ActivityCell.swift */ = {isa = PBXFileReference; fileEncoding = 4; lastKnownFileType = sourcecode.swift; path = ActivityCell.swift; sourceTree = "<group>"; };
		8BCDD9B71FA87274004DD84D /* ActivityCell.xib */ = {isa = PBXFileReference; fileEncoding = 4; lastKnownFileType = file.xib; path = ActivityCell.xib; sourceTree = "<group>"; };
		8BCDD9BA1FA876E2004DD84D /* Date+Ago.swift */ = {isa = PBXFileReference; fileEncoding = 4; lastKnownFileType = sourcecode.swift; path = "Date+Ago.swift"; sourceTree = "<group>"; };
		8BD2DB701F92FBC20073ABBC /* LocationManager.swift */ = {isa = PBXFileReference; fileEncoding = 4; lastKnownFileType = sourcecode.swift; path = LocationManager.swift; sourceTree = "<group>"; };
		EB554F053E4F4C88392020DA /* Pods-chatspot.debug.xcconfig */ = {isa = PBXFileReference; includeInIndex = 1; lastKnownFileType = text.xcconfig; name = "Pods-chatspot.debug.xcconfig"; path = "Pods/Target Support Files/Pods-chatspot/Pods-chatspot.debug.xcconfig"; sourceTree = "<group>"; };
		F21E501E1FA928FC00F4625F /* ChatroomCardView.swift */ = {isa = PBXFileReference; fileEncoding = 4; lastKnownFileType = sourcecode.swift; path = ChatroomCardView.swift; sourceTree = "<group>"; };
		F21E50201FA9295000F4625F /* ChatroomCardView.xib */ = {isa = PBXFileReference; fileEncoding = 4; lastKnownFileType = file.xib; path = ChatroomCardView.xib; sourceTree = "<group>"; };
		F21E50221FA93DF500F4625F /* BottomDrawerVC.swift */ = {isa = PBXFileReference; fileEncoding = 4; lastKnownFileType = sourcecode.swift; path = BottomDrawerVC.swift; sourceTree = "<group>"; };
		F230195A1FA1D46700006D7C /* Haneke.framework */ = {isa = PBXFileReference; lastKnownFileType = wrapper.framework; name = Haneke.framework; path = "../../Library/Developer/Xcode/DerivedData/chatspot-fgkshavcpzelupglajjguiigxwnn/Build/Products/Debug-iphonesimulator/HanekeSwift/Haneke.framework"; sourceTree = "<group>"; };
		F23BDC001FB39339002086B4 /* ProfileView.xib */ = {isa = PBXFileReference; fileEncoding = 4; lastKnownFileType = file.xib; path = ProfileView.xib; sourceTree = "<group>"; };
		F23BDC021FB39355002086B4 /* ProfileView.swift */ = {isa = PBXFileReference; fileEncoding = 4; lastKnownFileType = sourcecode.swift; path = ProfileView.swift; sourceTree = "<group>"; };
		F23BDC041FB39FDF002086B4 /* Badge.swift */ = {isa = PBXFileReference; fileEncoding = 4; lastKnownFileType = sourcecode.swift; path = Badge.swift; sourceTree = "<group>"; };
		F23BDC061FB3A49B002086B4 /* BadgeCell.xib */ = {isa = PBXFileReference; fileEncoding = 4; lastKnownFileType = file.xib; path = BadgeCell.xib; sourceTree = "<group>"; };
		F23BDC081FB3A796002086B4 /* BadgeCell.swift */ = {isa = PBXFileReference; fileEncoding = 4; lastKnownFileType = sourcecode.swift; path = BadgeCell.swift; sourceTree = "<group>"; };
		F254FC841FA3E50B00CBD616 /* SF-Pro-Display-Black.otf */ = {isa = PBXFileReference; lastKnownFileType = file; path = "SF-Pro-Display-Black.otf"; sourceTree = "<group>"; };
		F254FC851FA3E50B00CBD616 /* SF-Pro-Display-BlackItalic.otf */ = {isa = PBXFileReference; lastKnownFileType = file; path = "SF-Pro-Display-BlackItalic.otf"; sourceTree = "<group>"; };
		F254FC861FA3E50B00CBD616 /* SF-Pro-Display-Bold.otf */ = {isa = PBXFileReference; lastKnownFileType = file; path = "SF-Pro-Display-Bold.otf"; sourceTree = "<group>"; };
		F254FC871FA3E50B00CBD616 /* SF-Pro-Display-BoldItalic.otf */ = {isa = PBXFileReference; lastKnownFileType = file; path = "SF-Pro-Display-BoldItalic.otf"; sourceTree = "<group>"; };
		F254FC881FA3E50B00CBD616 /* SF-Pro-Display-Heavy.otf */ = {isa = PBXFileReference; lastKnownFileType = file; path = "SF-Pro-Display-Heavy.otf"; sourceTree = "<group>"; };
		F254FC891FA3E50B00CBD616 /* SF-Pro-Display-HeavyItalic.otf */ = {isa = PBXFileReference; lastKnownFileType = file; path = "SF-Pro-Display-HeavyItalic.otf"; sourceTree = "<group>"; };
		F254FC8A1FA3E50B00CBD616 /* SF-Pro-Display-Light.otf */ = {isa = PBXFileReference; lastKnownFileType = file; path = "SF-Pro-Display-Light.otf"; sourceTree = "<group>"; };
		F254FC8B1FA3E50B00CBD616 /* SF-Pro-Display-LightItalic.otf */ = {isa = PBXFileReference; lastKnownFileType = file; path = "SF-Pro-Display-LightItalic.otf"; sourceTree = "<group>"; };
		F254FC8C1FA3E50B00CBD616 /* SF-Pro-Display-Medium.otf */ = {isa = PBXFileReference; lastKnownFileType = file; path = "SF-Pro-Display-Medium.otf"; sourceTree = "<group>"; };
		F254FC8D1FA3E50B00CBD616 /* SF-Pro-Display-MediumItalic.otf */ = {isa = PBXFileReference; lastKnownFileType = file; path = "SF-Pro-Display-MediumItalic.otf"; sourceTree = "<group>"; };
		F254FC8E1FA3E50B00CBD616 /* SF-Pro-Display-Regular.otf */ = {isa = PBXFileReference; lastKnownFileType = file; path = "SF-Pro-Display-Regular.otf"; sourceTree = "<group>"; };
		F254FC8F1FA3E50B00CBD616 /* SF-Pro-Display-RegularItalic.otf */ = {isa = PBXFileReference; lastKnownFileType = file; path = "SF-Pro-Display-RegularItalic.otf"; sourceTree = "<group>"; };
		F254FC901FA3E50B00CBD616 /* SF-Pro-Display-Semibold.otf */ = {isa = PBXFileReference; lastKnownFileType = file; path = "SF-Pro-Display-Semibold.otf"; sourceTree = "<group>"; };
		F254FC911FA3E50B00CBD616 /* SF-Pro-Display-SemiboldItalic.otf */ = {isa = PBXFileReference; lastKnownFileType = file; path = "SF-Pro-Display-SemiboldItalic.otf"; sourceTree = "<group>"; };
		F254FC921FA3E50B00CBD616 /* SF-Pro-Display-Thin.otf */ = {isa = PBXFileReference; lastKnownFileType = file; path = "SF-Pro-Display-Thin.otf"; sourceTree = "<group>"; };
		F254FC931FA3E50B00CBD616 /* SF-Pro-Display-ThinItalic.otf */ = {isa = PBXFileReference; lastKnownFileType = file; path = "SF-Pro-Display-ThinItalic.otf"; sourceTree = "<group>"; };
		F254FC941FA3E50B00CBD616 /* SF-Pro-Display-Ultralight.otf */ = {isa = PBXFileReference; lastKnownFileType = file; path = "SF-Pro-Display-Ultralight.otf"; sourceTree = "<group>"; };
		F254FC951FA3E50B00CBD616 /* SF-Pro-Display-UltralightItalic.otf */ = {isa = PBXFileReference; lastKnownFileType = file; path = "SF-Pro-Display-UltralightItalic.otf"; sourceTree = "<group>"; };
		F254FC961FA3E50B00CBD616 /* SF-Pro-Text-Bold.otf */ = {isa = PBXFileReference; lastKnownFileType = file; path = "SF-Pro-Text-Bold.otf"; sourceTree = "<group>"; };
		F254FC971FA3E50B00CBD616 /* SF-Pro-Text-BoldItalic.otf */ = {isa = PBXFileReference; lastKnownFileType = file; path = "SF-Pro-Text-BoldItalic.otf"; sourceTree = "<group>"; };
		F254FC981FA3E50B00CBD616 /* SF-Pro-Text-Heavy.otf */ = {isa = PBXFileReference; lastKnownFileType = file; path = "SF-Pro-Text-Heavy.otf"; sourceTree = "<group>"; };
		F254FC991FA3E50B00CBD616 /* SF-Pro-Text-HeavyItalic.otf */ = {isa = PBXFileReference; lastKnownFileType = file; path = "SF-Pro-Text-HeavyItalic.otf"; sourceTree = "<group>"; };
		F254FC9A1FA3E50B00CBD616 /* SF-Pro-Text-Light.otf */ = {isa = PBXFileReference; lastKnownFileType = file; path = "SF-Pro-Text-Light.otf"; sourceTree = "<group>"; };
		F254FC9B1FA3E50B00CBD616 /* SF-Pro-Text-LightItalic.otf */ = {isa = PBXFileReference; lastKnownFileType = file; path = "SF-Pro-Text-LightItalic.otf"; sourceTree = "<group>"; };
		F254FC9C1FA3E50B00CBD616 /* SF-Pro-Text-Medium.otf */ = {isa = PBXFileReference; lastKnownFileType = file; path = "SF-Pro-Text-Medium.otf"; sourceTree = "<group>"; };
		F254FC9D1FA3E50B00CBD616 /* SF-Pro-Text-MediumItalic.otf */ = {isa = PBXFileReference; lastKnownFileType = file; path = "SF-Pro-Text-MediumItalic.otf"; sourceTree = "<group>"; };
		F254FC9E1FA3E50B00CBD616 /* SF-Pro-Text-Regular.otf */ = {isa = PBXFileReference; lastKnownFileType = file; path = "SF-Pro-Text-Regular.otf"; sourceTree = "<group>"; };
		F254FC9F1FA3E50B00CBD616 /* SF-Pro-Text-RegularItalic.otf */ = {isa = PBXFileReference; lastKnownFileType = file; path = "SF-Pro-Text-RegularItalic.otf"; sourceTree = "<group>"; };
		F254FCA01FA3E50B00CBD616 /* SF-Pro-Text-Semibold.otf */ = {isa = PBXFileReference; lastKnownFileType = file; path = "SF-Pro-Text-Semibold.otf"; sourceTree = "<group>"; };
		F254FCA11FA3E50B00CBD616 /* SF-Pro-Text-SemiboldItalic.otf */ = {isa = PBXFileReference; lastKnownFileType = file; path = "SF-Pro-Text-SemiboldItalic.otf"; sourceTree = "<group>"; };
		F2719EFD1F8D54E700417517 /* chatspot.entitlements */ = {isa = PBXFileReference; lastKnownFileType = text.plist.entitlements; path = chatspot.entitlements; sourceTree = "<group>"; };
		F2719EFE1F8DF50300417517 /* ChatListVC.swift */ = {isa = PBXFileReference; fileEncoding = 4; lastKnownFileType = sourcecode.swift; path = ChatListVC.swift; sourceTree = "<group>"; };
		F2719F001F8DF51600417517 /* ChatRoomVC.swift */ = {isa = PBXFileReference; fileEncoding = 4; lastKnownFileType = sourcecode.swift; path = ChatRoomVC.swift; sourceTree = "<group>"; };
		F2719F021F8DF55200417517 /* AroundMeVC.swift */ = {isa = PBXFileReference; fileEncoding = 4; lastKnownFileType = sourcecode.swift; path = AroundMeVC.swift; sourceTree = "<group>"; };
		F2719F041F8DF56300417517 /* ProfileVC.swift */ = {isa = PBXFileReference; fileEncoding = 4; lastKnownFileType = sourcecode.swift; path = ProfileVC.swift; sourceTree = "<group>"; };
		F2719F081F8DF6F500417517 /* ChatListCell.swift */ = {isa = PBXFileReference; fileEncoding = 4; lastKnownFileType = sourcecode.swift; path = ChatListCell.swift; sourceTree = "<group>"; };
		F2719F0A1F8DF71600417517 /* ChatMessageCell.swift */ = {isa = PBXFileReference; fileEncoding = 4; lastKnownFileType = sourcecode.swift; path = ChatMessageCell.swift; sourceTree = "<group>"; };
		F2719F0D1F8DFCD900417517 /* Message.swift */ = {isa = PBXFileReference; fileEncoding = 4; lastKnownFileType = sourcecode.swift; path = Message.swift; sourceTree = "<group>"; };
		F288988F1F9EA091000C64DF /* Localizable.stringsdict */ = {isa = PBXFileReference; fileEncoding = 4; lastKnownFileType = text.plist.stringsdict; path = Localizable.stringsdict; sourceTree = "<group>"; };
		F28898911F9F0C87000C64DF /* Photos.framework */ = {isa = PBXFileReference; lastKnownFileType = wrapper.framework; name = Photos.framework; path = System/Library/Frameworks/Photos.framework; sourceTree = SDKROOT; };
		F2A666501FA080A700EE8A4A /* ParallaxView.swift */ = {isa = PBXFileReference; fileEncoding = 4; lastKnownFileType = sourcecode.swift; path = ParallaxView.swift; sourceTree = "<group>"; };
		F2A666521FA11EB700EE8A4A /* SpecialAroundMeCell.swift */ = {isa = PBXFileReference; fileEncoding = 4; lastKnownFileType = sourcecode.swift; path = SpecialAroundMeCell.swift; sourceTree = "<group>"; };
		F2C6A2501FAD156700A4A132 /* ChatRoomAnnotationDetailView.xib */ = {isa = PBXFileReference; fileEncoding = 4; lastKnownFileType = file.xib; path = ChatRoomAnnotationDetailView.xib; sourceTree = "<group>"; };
		F2C6A2511FAD156700A4A132 /* ChatRoomAnnotationDetailView.swift */ = {isa = PBXFileReference; fileEncoding = 4; lastKnownFileType = sourcecode.swift; path = ChatRoomAnnotationDetailView.swift; sourceTree = "<group>"; };
		F2FF7C621FBCFEBC00896E10 /* EditProfileVC.swift */ = {isa = PBXFileReference; fileEncoding = 4; lastKnownFileType = sourcecode.swift; path = EditProfileVC.swift; sourceTree = "<group>"; };
/* End PBXFileReference section */

/* Begin PBXFrameworksBuildPhase section */
		32963D5C1F8B1BAD00E05CF3 /* Frameworks */ = {
			isa = PBXFrameworksBuildPhase;
			buildActionMask = 2147483647;
			files = (
				F28898921F9F0C87000C64DF /* Photos.framework in Frameworks */,
				2D3D06DAF25404BF9EF96699 /* Pods_chatspot.framework in Frameworks */,
			);
			runOnlyForDeploymentPostprocessing = 0;
		};
/* End PBXFrameworksBuildPhase section */

/* Begin PBXGroup section */
		32963D561F8B1BAD00E05CF3 = {
			isa = PBXGroup;
			children = (
				F254FC831FA3E4C800CBD616 /* SF Font */,
				76E2296D1F9BFE39007049B0 /* Locations */,
				32963D611F8B1BAD00E05CF3 /* chatspot */,
				32963D601F8B1BAD00E05CF3 /* Products */,
				48F18CA576106E6205144A7D /* Pods */,
				7E8120D353190548F2D84F64 /* Frameworks */,
			);
			sourceTree = "<group>";
		};
		32963D601F8B1BAD00E05CF3 /* Products */ = {
			isa = PBXGroup;
			children = (
				32963D5F1F8B1BAD00E05CF3 /* chatspot.app */,
			);
			name = Products;
			sourceTree = "<group>";
		};
		32963D611F8B1BAD00E05CF3 /* chatspot */ = {
			isa = PBXGroup;
			children = (
				32963D621F8B1BAD00E05CF3 /* AppDelegate.swift */,
				3298CF5C1F92A6B700F9BBEE /* Service */,
				7679EA801F8E052400DE16FA /* View */,
				F2719F061F8DF56E00417517 /* View Controllers */,
				F2719F0C1F8DF72000417517 /* Cells */,
				8BD2DB6F1F92FB980073ABBC /* Location */,
				7679EA791F8DF1CA00DE16FA /* Model */,
				8B4294991F8F0019003163D7 /* Data Store */,
				8BCDD9AF1FA44329004DD84D /* Extensions */,
				F2029D651FBD7ECB00236EEF /* Deprecated */,
				32963D661F8B1BAD00E05CF3 /* Main.storyboard */,
				32963D691F8B1BAD00E05CF3 /* Assets.xcassets */,
				F2719EFD1F8D54E700417517 /* chatspot.entitlements */,
				32963D741F8B1E1C00E05CF3 /* GoogleService-Info.plist */,
				32963D6E1F8B1BAD00E05CF3 /* Info.plist */,
				F288988F1F9EA091000C64DF /* Localizable.stringsdict */,
			);
			path = chatspot;
			sourceTree = "<group>";
		};
		3298CF5C1F92A6B700F9BBEE /* Service */ = {
			isa = PBXGroup;
			children = (
				3298CF5D1F92A6DB00F9BBEE /* ChatSpotClient.swift */,
				76E2296B1F9B245B007049B0 /* StorageClient.swift */,
			);
			name = Service;
			sourceTree = "<group>";
		};
		48F18CA576106E6205144A7D /* Pods */ = {
			isa = PBXGroup;
			children = (
				EB554F053E4F4C88392020DA /* Pods-chatspot.debug.xcconfig */,
				28AB81330CFBAF813EF019BE /* Pods-chatspot.release.xcconfig */,
			);
			name = Pods;
			sourceTree = "<group>";
		};
		7679EA791F8DF1CA00DE16FA /* Model */ = {
			isa = PBXGroup;
			children = (
				7679EA7A1F8DF27A00DE16FA /* User.swift */,
				7679EA7E1F8DFE8000DE16FA /* ChatRoom.swift */,
				F2719F0D1F8DFCD900417517 /* Message.swift */,
				3298CF611F92F8DF00F9BBEE /* User1.swift */,
				F23BDC041FB39FDF002086B4 /* Badge.swift */,
				3298CF631F92F8E900F9BBEE /* ChatRoom1.swift */,
				3298CF651F92F91000F9BBEE /* Message1.swift */,
				8B0811241FA03A18002337F1 /* Activity.swift */,
			);
			name = Model;
			sourceTree = "<group>";
		};
		7679EA801F8E052400DE16FA /* View */ = {
			isa = PBXGroup;
			children = (
				F2A666501FA080A700EE8A4A /* ParallaxView.swift */,
				F23BDC001FB39339002086B4 /* ProfileView.xib */,
				F23BDC021FB39355002086B4 /* ProfileView.swift */,
				7626201D1F9338A7008404F6 /* AroundMeView.xib */,
				7626201F1F9338BB008404F6 /* AroundMeView.swift */,
				762620231F93D33D008404F6 /* ChatRoomAnnotationView.swift */,
				762620251F93D51D008404F6 /* ChatRoomAnnotation.swift */,
				8B0ACFB61FA1A21D00722B1D /* ActivityView.swift */,
				8B0ACFB41FA1A21300722B1D /* ActivityView.xib */,
				F21E501E1FA928FC00F4625F /* ChatroomCardView.swift */,
				F21E50201FA9295000F4625F /* ChatroomCardView.xib */,
			);
			name = View;
			sourceTree = "<group>";
		};
		76E2296D1F9BFE39007049B0 /* Locations */ = {
			isa = PBXGroup;
			children = (
				76E229701F9BFE8E007049B0 /* Golden Gate.gpx */,
				76E229711F9C005C007049B0 /* Oracle Arena.gpx */,
				76E229721F9C0D47007049B0 /* SAP Center.gpx */,
				76E229751F9D7D68007049B0 /* Facebook HQ.gpx */,
				76E229761F9D7E2D007049B0 /* SFO.gpx */,
				76CDDEAA1FA317F20028DC19 /* Mountain View.gpx */,
				76CDDEAB1FA318A70028DC19 /* Rengstorff Park.gpx */,
				76CDDEAC1FA31A040028DC19 /* Dodger Stadium.gpx */,
				76967D4B1FA84AB90052B37C /* Halfmoon Bay.gpx */,
				76967D4D1FA9ACCE0052B37C /* Seattle.gpx */,
			);
			name = Locations;
			sourceTree = "<group>";
		};
		7E8120D353190548F2D84F64 /* Frameworks */ = {
			isa = PBXGroup;
			children = (
				F230195A1FA1D46700006D7C /* Haneke.framework */,
				F28898911F9F0C87000C64DF /* Photos.framework */,
				3E13157FD38ACE240FB695E5 /* Pods_chatspot.framework */,
			);
			name = Frameworks;
			sourceTree = "<group>";
		};
		8B4294991F8F0019003163D7 /* Data Store */ = {
			isa = PBXGroup;
			children = (
				8B92720B1F9082590041FC35 /* Storage.swift */,
				8B275A181F908D36004BBA00 /* Storage+Implementation.swift */,
			);
			path = "Data Store";
			sourceTree = "<group>";
		};
		8BCDD9AF1FA44329004DD84D /* Extensions */ = {
			isa = PBXGroup;
			children = (
				8BCDD9B01FA44368004DD84D /* String+Util.swift */,
				76D949411FA59C59005A6E8A /* PHAsset.swift */,
				76967D491FA5BC730052B37C /* UIViewController.swift */,
				8BCDD9BA1FA876E2004DD84D /* Date+Ago.swift */,
			);
			name = Extensions;
			sourceTree = "<group>";
		};
		8BD2DB6F1F92FB980073ABBC /* Location */ = {
			isa = PBXGroup;
			children = (
				8BD2DB701F92FBC20073ABBC /* LocationManager.swift */,
			);
			name = Location;
			sourceTree = "<group>";
		};
		F2029D651FBD7ECB00236EEF /* Deprecated */ = {
			isa = PBXGroup;
			children = (
				76E358091F91A50900EC6B0C /* UIImageWithEditView.xib */,
				76E3580D1F91A56B00EC6B0C /* UIImageWithEditView.swift */,
				F2C6A2501FAD156700A4A132 /* ChatRoomAnnotationDetailView.xib */,
				F2C6A2511FAD156700A4A132 /* ChatRoomAnnotationDetailView.swift */,
				7679EA811F8E054600DE16FA /* UserView.xib */,
				7679EA831F8E071A00DE16FA /* UserView.swift */,
			);
			name = Deprecated;
			sourceTree = "<group>";
		};
		F254FC831FA3E4C800CBD616 /* SF Font */ = {
			isa = PBXGroup;
			children = (
				F254FC841FA3E50B00CBD616 /* SF-Pro-Display-Black.otf */,
				F254FC851FA3E50B00CBD616 /* SF-Pro-Display-BlackItalic.otf */,
				F254FC861FA3E50B00CBD616 /* SF-Pro-Display-Bold.otf */,
				F254FC871FA3E50B00CBD616 /* SF-Pro-Display-BoldItalic.otf */,
				F254FC881FA3E50B00CBD616 /* SF-Pro-Display-Heavy.otf */,
				F254FC891FA3E50B00CBD616 /* SF-Pro-Display-HeavyItalic.otf */,
				F254FC8A1FA3E50B00CBD616 /* SF-Pro-Display-Light.otf */,
				F254FC8B1FA3E50B00CBD616 /* SF-Pro-Display-LightItalic.otf */,
				F254FC8C1FA3E50B00CBD616 /* SF-Pro-Display-Medium.otf */,
				F254FC8D1FA3E50B00CBD616 /* SF-Pro-Display-MediumItalic.otf */,
				F254FC8E1FA3E50B00CBD616 /* SF-Pro-Display-Regular.otf */,
				F254FC8F1FA3E50B00CBD616 /* SF-Pro-Display-RegularItalic.otf */,
				F254FC901FA3E50B00CBD616 /* SF-Pro-Display-Semibold.otf */,
				F254FC911FA3E50B00CBD616 /* SF-Pro-Display-SemiboldItalic.otf */,
				F254FC921FA3E50B00CBD616 /* SF-Pro-Display-Thin.otf */,
				F254FC931FA3E50B00CBD616 /* SF-Pro-Display-ThinItalic.otf */,
				F254FC941FA3E50B00CBD616 /* SF-Pro-Display-Ultralight.otf */,
				F254FC951FA3E50B00CBD616 /* SF-Pro-Display-UltralightItalic.otf */,
				F254FC961FA3E50B00CBD616 /* SF-Pro-Text-Bold.otf */,
				F254FC971FA3E50B00CBD616 /* SF-Pro-Text-BoldItalic.otf */,
				F254FC981FA3E50B00CBD616 /* SF-Pro-Text-Heavy.otf */,
				F254FC991FA3E50B00CBD616 /* SF-Pro-Text-HeavyItalic.otf */,
				F254FC9A1FA3E50B00CBD616 /* SF-Pro-Text-Light.otf */,
				F254FC9B1FA3E50B00CBD616 /* SF-Pro-Text-LightItalic.otf */,
				F254FC9C1FA3E50B00CBD616 /* SF-Pro-Text-Medium.otf */,
				F254FC9D1FA3E50B00CBD616 /* SF-Pro-Text-MediumItalic.otf */,
				F254FC9E1FA3E50B00CBD616 /* SF-Pro-Text-Regular.otf */,
				F254FC9F1FA3E50B00CBD616 /* SF-Pro-Text-RegularItalic.otf */,
				F254FCA01FA3E50B00CBD616 /* SF-Pro-Text-Semibold.otf */,
				F254FCA11FA3E50B00CBD616 /* SF-Pro-Text-SemiboldItalic.otf */,
			);
			name = "SF Font";
			sourceTree = "<group>";
		};
		F2719F061F8DF56E00417517 /* View Controllers */ = {
			isa = PBXGroup;
			children = (
				F2719EFE1F8DF50300417517 /* ChatListVC.swift */,
				F2719F001F8DF51600417517 /* ChatRoomVC.swift */,
				F2719F021F8DF55200417517 /* AroundMeVC.swift */,
				F2719F041F8DF56300417517 /* ProfileVC.swift */,
				325F47981F91F71E00DE5C34 /* AuthViewController.swift */,
				2DCF58E01F9CB8050014BBD0 /* ChatRoomDetailVC.swift */,
				8B0ACFB81FA1CCDC00722B1D /* ActivityDetailVC.swift */,
				F21E50221FA93DF500F4625F /* BottomDrawerVC.swift */,
				F2FF7C621FBCFEBC00896E10 /* EditProfileVC.swift */,
			);
			name = "View Controllers";
			sourceTree = "<group>";
		};
		F2719F0C1F8DF72000417517 /* Cells */ = {
			isa = PBXGroup;
			children = (
				F2719F081F8DF6F500417517 /* ChatListCell.swift */,
				F2719F0A1F8DF71600417517 /* ChatMessageCell.swift */,
				2D93B1031F9D2B6800D6B80C /* UserCell.swift */,
				2D93B1041F9D2B6800D6B80C /* UserCell.xib */,
				8BCDD9B21FA85FFE004DD84D /* MapCell.swift */,
				8BCDD9B31FA85FFE004DD84D /* MapCell.xib */,
				8BCDD9B61FA87274004DD84D /* ActivityCell.swift */,
				8BCDD9B71FA87274004DD84D /* ActivityCell.xib */,
				F2A666521FA11EB700EE8A4A /* SpecialAroundMeCell.swift */,
				F23BDC061FB3A49B002086B4 /* BadgeCell.xib */,
				F23BDC081FB3A796002086B4 /* BadgeCell.swift */,
			);
			name = Cells;
			sourceTree = "<group>";
		};
/* End PBXGroup section */

/* Begin PBXNativeTarget section */
		32963D5E1F8B1BAD00E05CF3 /* chatspot */ = {
			isa = PBXNativeTarget;
			buildConfigurationList = 32963D711F8B1BAD00E05CF3 /* Build configuration list for PBXNativeTarget "chatspot" */;
			buildPhases = (
				E5309314D079673B0326E0D3 /* [CP] Check Pods Manifest.lock */,
				32963D5B1F8B1BAD00E05CF3 /* Sources */,
				32963D5C1F8B1BAD00E05CF3 /* Frameworks */,
				32963D5D1F8B1BAD00E05CF3 /* Resources */,
				821B4D5033CEC2F9D2F16857 /* [CP] Embed Pods Frameworks */,
				6A80A705E2A125BBE3AC7485 /* [CP] Copy Pods Resources */,
				F2A915D91FA1B9C700C08129 /* CopyFiles */,
			);
			buildRules = (
			);
			dependencies = (
			);
			name = chatspot;
			productName = chatspot;
			productReference = 32963D5F1F8B1BAD00E05CF3 /* chatspot.app */;
			productType = "com.apple.product-type.application";
		};
/* End PBXNativeTarget section */

/* Begin PBXProject section */
		32963D571F8B1BAD00E05CF3 /* Project object */ = {
			isa = PBXProject;
			attributes = {
				LastSwiftUpdateCheck = 0830;
				LastUpgradeCheck = 0830;
				ORGANIZATIONNAME = g7;
				TargetAttributes = {
					32963D5E1F8B1BAD00E05CF3 = {
						CreatedOnToolsVersion = 8.3.3;
						DevelopmentTeam = 875WVS57Q6;
						ProvisioningStyle = Automatic;
						SystemCapabilities = {
							com.apple.BackgroundModes = {
								enabled = 1;
							};
							com.apple.Push = {
								enabled = 1;
							};
						};
					};
				};
			};
			buildConfigurationList = 32963D5A1F8B1BAD00E05CF3 /* Build configuration list for PBXProject "chatspot" */;
			compatibilityVersion = "Xcode 3.2";
			developmentRegion = English;
			hasScannedForEncodings = 0;
			knownRegions = (
				en,
				Base,
			);
			mainGroup = 32963D561F8B1BAD00E05CF3;
			productRefGroup = 32963D601F8B1BAD00E05CF3 /* Products */;
			projectDirPath = "";
			projectRoot = "";
			targets = (
				32963D5E1F8B1BAD00E05CF3 /* chatspot */,
			);
		};
/* End PBXProject section */

/* Begin PBXResourcesBuildPhase section */
		32963D5D1F8B1BAD00E05CF3 /* Resources */ = {
			isa = PBXResourcesBuildPhase;
			buildActionMask = 2147483647;
			files = (
				F254FCAE1FA3E52500CBD616 /* SF-Pro-Display-Semibold.otf in Resources */,
				8BCDD9B91FA87274004DD84D /* ActivityCell.xib in Resources */,
				F254FCBC1FA3E52500CBD616 /* SF-Pro-Text-Regular.otf in Resources */,
				F254FCA51FA3E52500CBD616 /* SF-Pro-Display-BoldItalic.otf in Resources */,
				F254FCB01FA3E52500CBD616 /* SF-Pro-Display-Thin.otf in Resources */,
				F254FCBA1FA3E52500CBD616 /* SF-Pro-Text-Medium.otf in Resources */,
				F254FCAF1FA3E52500CBD616 /* SF-Pro-Display-SemiboldItalic.otf in Resources */,
				F254FCB21FA3E52500CBD616 /* SF-Pro-Display-Ultralight.otf in Resources */,
				F254FCB31FA3E52500CBD616 /* SF-Pro-Display-UltralightItalic.otf in Resources */,
				F254FCA21FA3E52500CBD616 /* SF-Pro-Display-Black.otf in Resources */,
				F254FCAB1FA3E52500CBD616 /* SF-Pro-Display-MediumItalic.otf in Resources */,
				F254FCAC1FA3E52500CBD616 /* SF-Pro-Display-Regular.otf in Resources */,
				F254FCB71FA3E52500CBD616 /* SF-Pro-Text-HeavyItalic.otf in Resources */,
				F254FCB11FA3E52500CBD616 /* SF-Pro-Display-ThinItalic.otf in Resources */,
				32963D751F8B1E1C00E05CF3 /* GoogleService-Info.plist in Resources */,
				32963D6A1F8B1BAD00E05CF3 /* Assets.xcassets in Resources */,
				F254FCA81FA3E52500CBD616 /* SF-Pro-Display-Light.otf in Resources */,
				F28898901F9EA091000C64DF /* Localizable.stringsdict in Resources */,
				F23BDC071FB3A49B002086B4 /* BadgeCell.xib in Resources */,
				F254FCB81FA3E52500CBD616 /* SF-Pro-Text-Light.otf in Resources */,
				F254FCB51FA3E52500CBD616 /* SF-Pro-Text-BoldItalic.otf in Resources */,
				32963D681F8B1BAD00E05CF3 /* Main.storyboard in Resources */,
				2D93B1061F9D2B6800D6B80C /* UserCell.xib in Resources */,
				F21E50211FA9295000F4625F /* ChatroomCardView.xib in Resources */,
				F254FCA71FA3E52500CBD616 /* SF-Pro-Display-HeavyItalic.otf in Resources */,
				8B0ACFB51FA1A21300722B1D /* ActivityView.xib in Resources */,
				F2C6A2521FAD156700A4A132 /* ChatRoomAnnotationDetailView.xib in Resources */,
				F254FCB41FA3E52500CBD616 /* SF-Pro-Text-Bold.otf in Resources */,
				F254FCBF1FA3E52500CBD616 /* SF-Pro-Text-SemiboldItalic.otf in Resources */,
				8BCDD9B51FA85FFE004DD84D /* MapCell.xib in Resources */,
				76E3580A1F91A50900EC6B0C /* UIImageWithEditView.xib in Resources */,
				F254FCB61FA3E52500CBD616 /* SF-Pro-Text-Heavy.otf in Resources */,
				7626201E1F9338A7008404F6 /* AroundMeView.xib in Resources */,
				F254FCA41FA3E52500CBD616 /* SF-Pro-Display-Bold.otf in Resources */,
				7679EA821F8E054600DE16FA /* UserView.xib in Resources */,
				F254FCBB1FA3E52500CBD616 /* SF-Pro-Text-MediumItalic.otf in Resources */,
				F254FCB91FA3E52500CBD616 /* SF-Pro-Text-LightItalic.otf in Resources */,
				F254FCA31FA3E52500CBD616 /* SF-Pro-Display-BlackItalic.otf in Resources */,
				F254FCA61FA3E52500CBD616 /* SF-Pro-Display-Heavy.otf in Resources */,
				F254FCA91FA3E52500CBD616 /* SF-Pro-Display-LightItalic.otf in Resources */,
				F254FCAD1FA3E52500CBD616 /* SF-Pro-Display-RegularItalic.otf in Resources */,
				F23BDC011FB39339002086B4 /* ProfileView.xib in Resources */,
				F254FCBE1FA3E52500CBD616 /* SF-Pro-Text-Semibold.otf in Resources */,
				F254FCBD1FA3E52500CBD616 /* SF-Pro-Text-RegularItalic.otf in Resources */,
				F254FCAA1FA3E52500CBD616 /* SF-Pro-Display-Medium.otf in Resources */,
			);
			runOnlyForDeploymentPostprocessing = 0;
		};
/* End PBXResourcesBuildPhase section */

/* Begin PBXShellScriptBuildPhase section */
		6A80A705E2A125BBE3AC7485 /* [CP] Copy Pods Resources */ = {
			isa = PBXShellScriptBuildPhase;
			buildActionMask = 2147483647;
			files = (
			);
			inputPaths = (
				"${SRCROOT}/Pods/Target Support Files/Pods-chatspot/Pods-chatspot-resources.sh",
				$PODS_CONFIGURATION_BUILD_DIR/FirebaseUI/FirebaseAuthUI.bundle,
				$PODS_CONFIGURATION_BUILD_DIR/FirebaseUI/FirebaseGoogleAuthUI.bundle,
				$PODS_CONFIGURATION_BUILD_DIR/FirebaseUI/FirebasePhoneAuthUI.bundle,
				"${PODS_ROOT}/GoogleSignIn/Resources/GoogleSignIn.bundle",
			);
			name = "[CP] Copy Pods Resources";
			outputPaths = (
				"${TARGET_BUILD_DIR}/${UNLOCALIZED_RESOURCES_FOLDER_PATH}",
			);
			runOnlyForDeploymentPostprocessing = 0;
			shellPath = /bin/sh;
			shellScript = "\"${SRCROOT}/Pods/Target Support Files/Pods-chatspot/Pods-chatspot-resources.sh\"\n";
			showEnvVarsInLog = 0;
		};
		821B4D5033CEC2F9D2F16857 /* [CP] Embed Pods Frameworks */ = {
			isa = PBXShellScriptBuildPhase;
			buildActionMask = 2147483647;
			files = (
			);
			inputPaths = (
				"${SRCROOT}/Pods/Target Support Files/Pods-chatspot/Pods-chatspot-frameworks.sh",
				"${BUILT_PRODUCTS_DIR}/AFNetworking/AFNetworking.framework",
				"${BUILT_PRODUCTS_DIR}/FLEX/FLEX.framework",
				"${BUILT_PRODUCTS_DIR}/GTMOAuth2/GTMOAuth2.framework",
				"${BUILT_PRODUCTS_DIR}/GTMSessionFetcher/GTMSessionFetcher.framework",
				"${BUILT_PRODUCTS_DIR}/GoogleToolboxForMac/GoogleToolboxForMac.framework",
				"${BUILT_PRODUCTS_DIR}/GrowingTextView/GrowingTextView.framework",
				"${BUILT_PRODUCTS_DIR}/HanekeSwift/Haneke.framework",
				"${BUILT_PRODUCTS_DIR}/Hue/Hue.framework",
				"${BUILT_PRODUCTS_DIR}/ISEmojiView/ISEmojiView.framework",
				"${BUILT_PRODUCTS_DIR}/ImagePickerSheetController/ImagePickerSheetController.framework",
				"${BUILT_PRODUCTS_DIR}/KRActivityIndicatorView/KRActivityIndicatorView.framework",
				"${BUILT_PRODUCTS_DIR}/KRProgressHUD/KRProgressHUD.framework",
				"${BUILT_PRODUCTS_DIR}/Lightbox/Lightbox.framework",
				"${BUILT_PRODUCTS_DIR}/MBProgressHUD/MBProgressHUD.framework",
				"${BUILT_PRODUCTS_DIR}/NSDateMinimalTimeAgo/NSDateMinimalTimeAgo.framework",
				"${BUILT_PRODUCTS_DIR}/PureLayout/PureLayout.framework",
				"${BUILT_PRODUCTS_DIR}/Realm/Realm.framework",
				"${BUILT_PRODUCTS_DIR}/RealmSwift/RealmSwift.framework",
				"${BUILT_PRODUCTS_DIR}/leveldb-library/leveldb.framework",
				"${BUILT_PRODUCTS_DIR}/nanopb/nanopb.framework",
			);
			name = "[CP] Embed Pods Frameworks";
			outputPaths = (
				"${TARGET_BUILD_DIR}/${FRAMEWORKS_FOLDER_PATH}/AFNetworking.framework",
				"${TARGET_BUILD_DIR}/${FRAMEWORKS_FOLDER_PATH}/FLEX.framework",
				"${TARGET_BUILD_DIR}/${FRAMEWORKS_FOLDER_PATH}/GTMOAuth2.framework",
				"${TARGET_BUILD_DIR}/${FRAMEWORKS_FOLDER_PATH}/GTMSessionFetcher.framework",
				"${TARGET_BUILD_DIR}/${FRAMEWORKS_FOLDER_PATH}/GoogleToolboxForMac.framework",
				"${TARGET_BUILD_DIR}/${FRAMEWORKS_FOLDER_PATH}/GrowingTextView.framework",
				"${TARGET_BUILD_DIR}/${FRAMEWORKS_FOLDER_PATH}/Haneke.framework",
				"${TARGET_BUILD_DIR}/${FRAMEWORKS_FOLDER_PATH}/Hue.framework",
				"${TARGET_BUILD_DIR}/${FRAMEWORKS_FOLDER_PATH}/ISEmojiView.framework",
				"${TARGET_BUILD_DIR}/${FRAMEWORKS_FOLDER_PATH}/ImagePickerSheetController.framework",
				"${TARGET_BUILD_DIR}/${FRAMEWORKS_FOLDER_PATH}/KRActivityIndicatorView.framework",
				"${TARGET_BUILD_DIR}/${FRAMEWORKS_FOLDER_PATH}/KRProgressHUD.framework",
				"${TARGET_BUILD_DIR}/${FRAMEWORKS_FOLDER_PATH}/Lightbox.framework",
				"${TARGET_BUILD_DIR}/${FRAMEWORKS_FOLDER_PATH}/MBProgressHUD.framework",
				"${TARGET_BUILD_DIR}/${FRAMEWORKS_FOLDER_PATH}/NSDateMinimalTimeAgo.framework",
				"${TARGET_BUILD_DIR}/${FRAMEWORKS_FOLDER_PATH}/PureLayout.framework",
				"${TARGET_BUILD_DIR}/${FRAMEWORKS_FOLDER_PATH}/Realm.framework",
				"${TARGET_BUILD_DIR}/${FRAMEWORKS_FOLDER_PATH}/RealmSwift.framework",
				"${TARGET_BUILD_DIR}/${FRAMEWORKS_FOLDER_PATH}/leveldb.framework",
				"${TARGET_BUILD_DIR}/${FRAMEWORKS_FOLDER_PATH}/nanopb.framework",
			);
			runOnlyForDeploymentPostprocessing = 0;
			shellPath = /bin/sh;
			shellScript = "\"${SRCROOT}/Pods/Target Support Files/Pods-chatspot/Pods-chatspot-frameworks.sh\"\n";
			showEnvVarsInLog = 0;
		};
		E5309314D079673B0326E0D3 /* [CP] Check Pods Manifest.lock */ = {
			isa = PBXShellScriptBuildPhase;
			buildActionMask = 2147483647;
			files = (
			);
			inputPaths = (
				"${PODS_PODFILE_DIR_PATH}/Podfile.lock",
				"${PODS_ROOT}/Manifest.lock",
			);
			name = "[CP] Check Pods Manifest.lock";
			outputPaths = (
				"$(DERIVED_FILE_DIR)/Pods-chatspot-checkManifestLockResult.txt",
			);
			runOnlyForDeploymentPostprocessing = 0;
			shellPath = /bin/sh;
			shellScript = "diff \"${PODS_PODFILE_DIR_PATH}/Podfile.lock\" \"${PODS_ROOT}/Manifest.lock\" > /dev/null\nif [ $? != 0 ] ; then\n    # print error to STDERR\n    echo \"error: The sandbox is not in sync with the Podfile.lock. Run 'pod install' or update your CocoaPods installation.\" >&2\n    exit 1\nfi\n# This output is used by Xcode 'outputs' to avoid re-running this script phase.\necho \"SUCCESS\" > \"${SCRIPT_OUTPUT_FILE_0}\"\n";
			showEnvVarsInLog = 0;
		};
/* End PBXShellScriptBuildPhase section */

/* Begin PBXSourcesBuildPhase section */
		32963D5B1F8B1BAD00E05CF3 /* Sources */ = {
			isa = PBXSourcesBuildPhase;
			buildActionMask = 2147483647;
			files = (
				8B0811251FA03A18002337F1 /* Activity.swift in Sources */,
				F2719F051F8DF56300417517 /* ProfileVC.swift in Sources */,
				F2A666511FA080A700EE8A4A /* ParallaxView.swift in Sources */,
				762620241F93D33D008404F6 /* ChatRoomAnnotationView.swift in Sources */,
				8B275A191F908D36004BBA00 /* Storage+Implementation.swift in Sources */,
				2DCF58E11F9CB8050014BBD0 /* ChatRoomDetailVC.swift in Sources */,
				3298CF661F92F91000F9BBEE /* Message1.swift in Sources */,
				8B0ACFB71FA1A21D00722B1D /* ActivityView.swift in Sources */,
				76E3580E1F91A56B00EC6B0C /* UIImageWithEditView.swift in Sources */,
				8BCDD9B81FA87274004DD84D /* ActivityCell.swift in Sources */,
				76E2296C1F9B245B007049B0 /* StorageClient.swift in Sources */,
				8B92720C1F9082590041FC35 /* Storage.swift in Sources */,
				76967D4A1FA5BC730052B37C /* UIViewController.swift in Sources */,
				3298CF5E1F92A6DB00F9BBEE /* ChatSpotClient.swift in Sources */,
				3298CF621F92F8DF00F9BBEE /* User1.swift in Sources */,
				F2719F031F8DF55200417517 /* AroundMeVC.swift in Sources */,
				F2719F011F8DF51600417517 /* ChatRoomVC.swift in Sources */,
				F21E50231FA93DF500F4625F /* BottomDrawerVC.swift in Sources */,
				8BCDD9B11FA44368004DD84D /* String+Util.swift in Sources */,
				F2A666531FA11EB700EE8A4A /* SpecialAroundMeCell.swift in Sources */,
				762620261F93D51D008404F6 /* ChatRoomAnnotation.swift in Sources */,
				762620201F9338BB008404F6 /* AroundMeView.swift in Sources */,
				3298CF641F92F8E900F9BBEE /* ChatRoom1.swift in Sources */,
				8BCDD9B41FA85FFE004DD84D /* MapCell.swift in Sources */,
				F2C6A2531FAD156700A4A132 /* ChatRoomAnnotationDetailView.swift in Sources */,
				8BD2DB711F92FBC20073ABBC /* LocationManager.swift in Sources */,
				76D949421FA59C59005A6E8A /* PHAsset.swift in Sources */,
				8BCDD9BB1FA876E2004DD84D /* Date+Ago.swift in Sources */,
				F2FF7C631FBCFEBC00896E10 /* EditProfileVC.swift in Sources */,
				F2719F091F8DF6F500417517 /* ChatListCell.swift in Sources */,
				F2719EFF1F8DF50300417517 /* ChatListVC.swift in Sources */,
				F2719F0E1F8DFCD900417517 /* Message.swift in Sources */,
				8B0ACFBA1FA1CCDC00722B1D /* ActivityDetailVC.swift in Sources */,
				2D93B1051F9D2B6800D6B80C /* UserCell.swift in Sources */,
				F2719F0B1F8DF71600417517 /* ChatMessageCell.swift in Sources */,
				F23BDC051FB39FDF002086B4 /* Badge.swift in Sources */,
				7679EA841F8E071A00DE16FA /* UserView.swift in Sources */,
				F23BDC091FB3A796002086B4 /* BadgeCell.swift in Sources */,
				F21E501F1FA928FC00F4625F /* ChatroomCardView.swift in Sources */,
				325F47991F91F71E00DE5C34 /* AuthViewController.swift in Sources */,
				32963D631F8B1BAD00E05CF3 /* AppDelegate.swift in Sources */,
				7679EA7F1F8DFE8000DE16FA /* ChatRoom.swift in Sources */,
				F23BDC031FB39355002086B4 /* ProfileView.swift in Sources */,
				7679EA7B1F8DF27A00DE16FA /* User.swift in Sources */,
			);
			runOnlyForDeploymentPostprocessing = 0;
		};
/* End PBXSourcesBuildPhase section */

/* Begin PBXVariantGroup section */
		32963D661F8B1BAD00E05CF3 /* Main.storyboard */ = {
			isa = PBXVariantGroup;
			children = (
				32963D671F8B1BAD00E05CF3 /* Base */,
			);
			name = Main.storyboard;
			sourceTree = "<group>";
		};
/* End PBXVariantGroup section */

/* Begin XCBuildConfiguration section */
		32963D6F1F8B1BAD00E05CF3 /* Debug */ = {
			isa = XCBuildConfiguration;
			buildSettings = {
				ALWAYS_SEARCH_USER_PATHS = NO;
				CLANG_ANALYZER_NONNULL = YES;
				CLANG_ANALYZER_NUMBER_OBJECT_CONVERSION = YES_AGGRESSIVE;
				CLANG_CXX_LANGUAGE_STANDARD = "gnu++0x";
				CLANG_CXX_LIBRARY = "libc++";
				CLANG_ENABLE_MODULES = YES;
				CLANG_ENABLE_OBJC_ARC = YES;
				CLANG_WARN_BOOL_CONVERSION = YES;
				CLANG_WARN_CONSTANT_CONVERSION = YES;
				CLANG_WARN_DIRECT_OBJC_ISA_USAGE = YES_ERROR;
				CLANG_WARN_DOCUMENTATION_COMMENTS = YES;
				CLANG_WARN_EMPTY_BODY = YES;
				CLANG_WARN_ENUM_CONVERSION = YES;
				CLANG_WARN_INFINITE_RECURSION = YES;
				CLANG_WARN_INT_CONVERSION = YES;
				CLANG_WARN_OBJC_ROOT_CLASS = YES_ERROR;
				CLANG_WARN_SUSPICIOUS_MOVE = YES;
				CLANG_WARN_UNREACHABLE_CODE = YES;
				CLANG_WARN__DUPLICATE_METHOD_MATCH = YES;
				"CODE_SIGN_IDENTITY[sdk=iphoneos*]" = "iPhone Developer";
				COPY_PHASE_STRIP = NO;
				DEBUG_INFORMATION_FORMAT = dwarf;
				ENABLE_STRICT_OBJC_MSGSEND = YES;
				ENABLE_TESTABILITY = YES;
				GCC_C_LANGUAGE_STANDARD = gnu99;
				GCC_DYNAMIC_NO_PIC = NO;
				GCC_NO_COMMON_BLOCKS = YES;
				GCC_OPTIMIZATION_LEVEL = 0;
				GCC_PREPROCESSOR_DEFINITIONS = (
					"DEBUG=1",
					"$(inherited)",
				);
				GCC_WARN_64_TO_32_BIT_CONVERSION = YES;
				GCC_WARN_ABOUT_RETURN_TYPE = YES_ERROR;
				GCC_WARN_UNDECLARED_SELECTOR = YES;
				GCC_WARN_UNINITIALIZED_AUTOS = YES_AGGRESSIVE;
				GCC_WARN_UNUSED_FUNCTION = YES;
				GCC_WARN_UNUSED_VARIABLE = YES;
				IPHONEOS_DEPLOYMENT_TARGET = 10.3;
				MTL_ENABLE_DEBUG_INFO = YES;
				ONLY_ACTIVE_ARCH = YES;
				SDKROOT = iphoneos;
				SWIFT_ACTIVE_COMPILATION_CONDITIONS = DEBUG;
				SWIFT_OPTIMIZATION_LEVEL = "-Onone";
				TARGETED_DEVICE_FAMILY = "1,2";
			};
			name = Debug;
		};
		32963D701F8B1BAD00E05CF3 /* Release */ = {
			isa = XCBuildConfiguration;
			buildSettings = {
				ALWAYS_SEARCH_USER_PATHS = NO;
				CLANG_ANALYZER_NONNULL = YES;
				CLANG_ANALYZER_NUMBER_OBJECT_CONVERSION = YES_AGGRESSIVE;
				CLANG_CXX_LANGUAGE_STANDARD = "gnu++0x";
				CLANG_CXX_LIBRARY = "libc++";
				CLANG_ENABLE_MODULES = YES;
				CLANG_ENABLE_OBJC_ARC = YES;
				CLANG_WARN_BOOL_CONVERSION = YES;
				CLANG_WARN_CONSTANT_CONVERSION = YES;
				CLANG_WARN_DIRECT_OBJC_ISA_USAGE = YES_ERROR;
				CLANG_WARN_DOCUMENTATION_COMMENTS = YES;
				CLANG_WARN_EMPTY_BODY = YES;
				CLANG_WARN_ENUM_CONVERSION = YES;
				CLANG_WARN_INFINITE_RECURSION = YES;
				CLANG_WARN_INT_CONVERSION = YES;
				CLANG_WARN_OBJC_ROOT_CLASS = YES_ERROR;
				CLANG_WARN_SUSPICIOUS_MOVE = YES;
				CLANG_WARN_UNREACHABLE_CODE = YES;
				CLANG_WARN__DUPLICATE_METHOD_MATCH = YES;
				"CODE_SIGN_IDENTITY[sdk=iphoneos*]" = "iPhone Developer";
				COPY_PHASE_STRIP = NO;
				DEBUG_INFORMATION_FORMAT = "dwarf-with-dsym";
				ENABLE_NS_ASSERTIONS = NO;
				ENABLE_STRICT_OBJC_MSGSEND = YES;
				GCC_C_LANGUAGE_STANDARD = gnu99;
				GCC_NO_COMMON_BLOCKS = YES;
				GCC_WARN_64_TO_32_BIT_CONVERSION = YES;
				GCC_WARN_ABOUT_RETURN_TYPE = YES_ERROR;
				GCC_WARN_UNDECLARED_SELECTOR = YES;
				GCC_WARN_UNINITIALIZED_AUTOS = YES_AGGRESSIVE;
				GCC_WARN_UNUSED_FUNCTION = YES;
				GCC_WARN_UNUSED_VARIABLE = YES;
				IPHONEOS_DEPLOYMENT_TARGET = 10.3;
				MTL_ENABLE_DEBUG_INFO = NO;
				SDKROOT = iphoneos;
				SWIFT_OPTIMIZATION_LEVEL = "-Owholemodule";
				TARGETED_DEVICE_FAMILY = "1,2";
				VALIDATE_PRODUCT = YES;
			};
			name = Release;
		};
		32963D721F8B1BAD00E05CF3 /* Debug */ = {
			isa = XCBuildConfiguration;
			baseConfigurationReference = EB554F053E4F4C88392020DA /* Pods-chatspot.debug.xcconfig */;
			buildSettings = {
				ASSETCATALOG_COMPILER_APPICON_NAME = AppIcon;
				ASSETCATALOG_COMPILER_LAUNCHIMAGE_NAME = LaunchImage;
				CODE_SIGN_ENTITLEMENTS = chatspot/chatspot.entitlements;
				DEVELOPMENT_TEAM = 875WVS57Q6;
				INFOPLIST_FILE = chatspot/Info.plist;
				LD_RUNPATH_SEARCH_PATHS = "$(inherited) @executable_path/Frameworks";
				PRODUCT_BUNDLE_IDENTIFIER = com.g7.chatspot.v1;
				PRODUCT_NAME = "$(TARGET_NAME)";
				SWIFT_VERSION = 3.0;
			};
			name = Debug;
		};
		32963D731F8B1BAD00E05CF3 /* Release */ = {
			isa = XCBuildConfiguration;
			baseConfigurationReference = 28AB81330CFBAF813EF019BE /* Pods-chatspot.release.xcconfig */;
			buildSettings = {
				ASSETCATALOG_COMPILER_APPICON_NAME = AppIcon;
				ASSETCATALOG_COMPILER_LAUNCHIMAGE_NAME = LaunchImage;
				CODE_SIGN_ENTITLEMENTS = chatspot/chatspot.entitlements;
				DEVELOPMENT_TEAM = 875WVS57Q6;
				INFOPLIST_FILE = chatspot/Info.plist;
				LD_RUNPATH_SEARCH_PATHS = "$(inherited) @executable_path/Frameworks";
				PRODUCT_BUNDLE_IDENTIFIER = com.g7.chatspot.v1;
				PRODUCT_NAME = "$(TARGET_NAME)";
				SWIFT_VERSION = 3.0;
			};
			name = Release;
		};
/* End XCBuildConfiguration section */

/* Begin XCConfigurationList section */
		32963D5A1F8B1BAD00E05CF3 /* Build configuration list for PBXProject "chatspot" */ = {
			isa = XCConfigurationList;
			buildConfigurations = (
				32963D6F1F8B1BAD00E05CF3 /* Debug */,
				32963D701F8B1BAD00E05CF3 /* Release */,
			);
			defaultConfigurationIsVisible = 0;
			defaultConfigurationName = Release;
		};
		32963D711F8B1BAD00E05CF3 /* Build configuration list for PBXNativeTarget "chatspot" */ = {
			isa = XCConfigurationList;
			buildConfigurations = (
				32963D721F8B1BAD00E05CF3 /* Debug */,
				32963D731F8B1BAD00E05CF3 /* Release */,
			);
			defaultConfigurationIsVisible = 0;
			defaultConfigurationName = Release;
		};
/* End XCConfigurationList section */
	};
	rootObject = 32963D571F8B1BAD00E05CF3 /* Project object */;
}
